
Microsoft Visual Studio Solution File, Format Version 12.00
# Visual Studio 15
VisualStudioVersion = 15.0.28307.421
MinimumVisualStudioVersion = 10.0.40219.1
Project("{FAE04EC0-301F-11D3-BF4B-00C04F79EFBC}") = "GrandCircus", "GrandCircus\GrandCircus.csproj", "{BE7A95BB-7170-4320-AFF5-749F6D18D652}"
EndProject
Global
	GlobalSection(SolutionConfigurationPlatforms) = preSolution
		Debug|Any CPU = Debug|Any CPU
		Release|Any CPU = Release|Any CPU
	EndGlobalSection
	GlobalSection(ProjectConfigurationPlatforms) = postSolution
		{BE7A95BB-7170-4320-AFF5-749F6D18D652}.Debug|Any CPU.ActiveCfg = Debug|Any CPU
		{BE7A95BB-7170-4320-AFF5-749F6D18D652}.Debug|Any CPU.Build.0 = Debug|Any CPU
		{BE7A95BB-7170-4320-AFF5-749F6D18D652}.Release|Any CPU.ActiveCfg = Release|Any CPU
		{BE7A95BB-7170-4320-AFF5-749F6D18D652}.Release|Any CPU.Build.0 = Release|Any CPU
	EndGlobalSection
	GlobalSection(SolutionProperties) = preSolution
		HideSolutionNode = FALSE
	EndGlobalSection
	GlobalSection(ExtensibilityGlobals) = postSolution
		SolutionGuid = {63BA0A00-D440-4DBC-AD67-DCF82AF7EB0F}
	EndGlobalSection
EndGlobal
